
Microsoft Visual Studio Solution File, Format Version 12.00
# Visual Studio 2013
Project("{FAE04EC0-301F-11D3-BF4B-00C04F79EFBC}") = "UnityVS.FindNumber.CSharp", "UnityVS.FindNumber.CSharp.csproj", "{8F389085-6A14-C2D2-8124-563D53A127DB}"
EndProject
Project("{FAE04EC0-301F-11D3-BF4B-00C04F79EFBC}") = "UnityVS.FindNumber.CSharp.Editor", "UnityVS.FindNumber.CSharp.Editor.csproj", "{2BA11563-5B64-3608-F5C6-7A663A5A06E8}"
EndProject
Global
	GlobalSection(SolutionConfigurationPlatforms) = preSolution
		Debug|Any CPU = Debug|Any CPU
		Release|Any CPU = Release|Any CPU
	EndGlobalSection
	GlobalSection(ProjectConfigurationPlatforms) = postSolution
		{8F389085-6A14-C2D2-8124-563D53A127DB}.Debug|Any CPU.ActiveCfg = Debug|Any CPU
		{8F389085-6A14-C2D2-8124-563D53A127DB}.Debug|Any CPU.Build.0 = Debug|Any CPU
		{8F389085-6A14-C2D2-8124-563D53A127DB}.Release|Any CPU.ActiveCfg = Release|Any CPU
		{8F389085-6A14-C2D2-8124-563D53A127DB}.Release|Any CPU.Build.0 = Release|Any CPU
		{2BA11563-5B64-3608-F5C6-7A663A5A06E8}.Debug|Any CPU.ActiveCfg = Debug|Any CPU
		{2BA11563-5B64-3608-F5C6-7A663A5A06E8}.Debug|Any CPU.Build.0 = Debug|Any CPU
		{2BA11563-5B64-3608-F5C6-7A663A5A06E8}.Release|Any CPU.ActiveCfg = Release|Any CPU
		{2BA11563-5B64-3608-F5C6-7A663A5A06E8}.Release|Any CPU.Build.0 = Release|Any CPU
	EndGlobalSection
	GlobalSection(SolutionProperties) = preSolution
		HideSolutionNode = FALSE
	EndGlobalSection
EndGlobal
